
Microsoft Visual Studio Solution File, Format Version 12.00
# Visual Studio Version 17
VisualStudioVersion = 17.9.34518.117
MinimumVisualStudioVersion = 10.0.40219.1
Project("{F2A71F9B-5D33-465A-A702-920D77279786}") = "IntegralForLoopLowering", "IntegralForLoopLowering\IntegralForLoopLowering.fsproj", "{958958A6-D932-4A9D-9B95-50AEB320F8EA}"
EndProject
Project("{F2A71F9B-5D33-465A-A702-920D77279786}") = "IntegralForLoopLowering.Old", "IntegralForLoopLowering.Old\IntegralForLoopLowering.Old.fsproj", "{2580A8A9-C71E-406A-BC1F-3E322E3EE3EB}"
EndProject
Project("{F2A71F9B-5D33-465A-A702-920D77279786}") = "IntegralForLoopLowering.New", "IntegralForLoopLowering.New\IntegralForLoopLowering.New.fsproj", "{DDFA0044-FEF7-40E5-AC5C-4E0AA66CDD15}"
EndProject
Global
	GlobalSection(SolutionConfigurationPlatforms) = preSolution
		Debug|Any CPU = Debug|Any CPU
		Release|Any CPU = Release|Any CPU
	EndGlobalSection
	GlobalSection(ProjectConfigurationPlatforms) = postSolution
		{958958A6-D932-4A9D-9B95-50AEB320F8EA}.Debug|Any CPU.ActiveCfg = Debug|Any CPU
		{958958A6-D932-4A9D-9B95-50AEB320F8EA}.Debug|Any CPU.Build.0 = Debug|Any CPU
		{958958A6-D932-4A9D-9B95-50AEB320F8EA}.Release|Any CPU.ActiveCfg = Release|Any CPU
		{958958A6-D932-4A9D-9B95-50AEB320F8EA}.Release|Any CPU.Build.0 = Release|Any CPU
		{2580A8A9-C71E-406A-BC1F-3E322E3EE3EB}.Debug|Any CPU.ActiveCfg = Debug|Any CPU
		{2580A8A9-C71E-406A-BC1F-3E322E3EE3EB}.Debug|Any CPU.Build.0 = Debug|Any CPU
		{2580A8A9-C71E-406A-BC1F-3E322E3EE3EB}.Release|Any CPU.ActiveCfg = Release|Any CPU
		{2580A8A9-C71E-406A-BC1F-3E322E3EE3EB}.Release|Any CPU.Build.0 = Release|Any CPU
		{DDFA0044-FEF7-40E5-AC5C-4E0AA66CDD15}.Debug|Any CPU.ActiveCfg = Debug|Any CPU
		{DDFA0044-FEF7-40E5-AC5C-4E0AA66CDD15}.Debug|Any CPU.Build.0 = Debug|Any CPU
		{DDFA0044-FEF7-40E5-AC5C-4E0AA66CDD15}.Release|Any CPU.ActiveCfg = Release|Any CPU
		{DDFA0044-FEF7-40E5-AC5C-4E0AA66CDD15}.Release|Any CPU.Build.0 = Release|Any CPU
	EndGlobalSection
	GlobalSection(SolutionProperties) = preSolution
		HideSolutionNode = FALSE
	EndGlobalSection
	GlobalSection(ExtensibilityGlobals) = postSolution
		SolutionGuid = {D6F04E74-3E86-4BEF-A665-491007949C9D}
	EndGlobalSection
EndGlobal
